
Microsoft Visual Studio Solution File, Format Version 12.00
# Visual Studio Version 16
VisualStudioVersion = 16.0.31205.134
MinimumVisualStudioVersion = 10.0.40219.1
Project("{FAE04EC0-301F-11D3-BF4B-00C04F79EFBC}") = "CRUD", "CRUD\CRUD.csproj", "{F3FEC237-E161-4F5B-94BC-7CB35FF160F5}"
	ProjectSection(ProjectDependencies) = postProject
		{F992FE31-7722-417C-B62C-49F28E67D7FB} = {F992FE31-7722-417C-B62C-49F28E67D7FB}
		{3D151534-2C08-412A-B21F-FEFA30CEAEBA} = {3D151534-2C08-412A-B21F-FEFA30CEAEBA}
		{107A226B-AEBF-4587-BC37-1BF1B48BFC80} = {107A226B-AEBF-4587-BC37-1BF1B48BFC80}
		{236237F5-19A1-478C-B7FB-DD2B5F85ED81} = {236237F5-19A1-478C-B7FB-DD2B5F85ED81}
	EndProjectSection
EndProject
Project("{FAE04EC0-301F-11D3-BF4B-00C04F79EFBC}") = "Models", "Models\Models.csproj", "{3D151534-2C08-412A-B21F-FEFA30CEAEBA}"
EndProject
Project("{FAE04EC0-301F-11D3-BF4B-00C04F79EFBC}") = "Services", "Services\Services.csproj", "{F992FE31-7722-417C-B62C-49F28E67D7FB}"
EndProject
Project("{FAE04EC0-301F-11D3-BF4B-00C04F79EFBC}") = "Repository", "Repository\Repository.csproj", "{236237F5-19A1-478C-B7FB-DD2B5F85ED81}"
EndProject
Project("{FAE04EC0-301F-11D3-BF4B-00C04F79EFBC}") = "Models.Common", "Models.Common\Models.Common.csproj", "{107A226B-AEBF-4587-BC37-1BF1B48BFC80}"
EndProject
Project("{FAE04EC0-301F-11D3-BF4B-00C04F79EFBC}") = "Repository.Common", "Repository.Common\Repository.Common.csproj", "{9934C138-5551-452B-B927-1F1918328831}"
EndProject
Project("{FAE04EC0-301F-11D3-BF4B-00C04F79EFBC}") = "Services.Common", "Services.Common\Services.Common.csproj", "{B05F77B6-0CB3-46AA-A97E-913B6937D5C3}"
EndProject
Project("{FAE04EC0-301F-11D3-BF4B-00C04F79EFBC}") = "Project.Common", "Project.Common\Project.Common.csproj", "{AF25E7F3-9AE9-45D5-8646-F10B7AA4EAD9}"
EndProject
Global
	GlobalSection(SolutionConfigurationPlatforms) = preSolution
		Debug|Any CPU = Debug|Any CPU
		Release|Any CPU = Release|Any CPU
	EndGlobalSection
	GlobalSection(ProjectConfigurationPlatforms) = postSolution
		{F3FEC237-E161-4F5B-94BC-7CB35FF160F5}.Debug|Any CPU.ActiveCfg = Debug|Any CPU
		{F3FEC237-E161-4F5B-94BC-7CB35FF160F5}.Debug|Any CPU.Build.0 = Debug|Any CPU
		{F3FEC237-E161-4F5B-94BC-7CB35FF160F5}.Release|Any CPU.ActiveCfg = Release|Any CPU
		{F3FEC237-E161-4F5B-94BC-7CB35FF160F5}.Release|Any CPU.Build.0 = Release|Any CPU
		{3D151534-2C08-412A-B21F-FEFA30CEAEBA}.Debug|Any CPU.ActiveCfg = Debug|Any CPU
		{3D151534-2C08-412A-B21F-FEFA30CEAEBA}.Debug|Any CPU.Build.0 = Debug|Any CPU
		{3D151534-2C08-412A-B21F-FEFA30CEAEBA}.Release|Any CPU.ActiveCfg = Release|Any CPU
		{3D151534-2C08-412A-B21F-FEFA30CEAEBA}.Release|Any CPU.Build.0 = Release|Any CPU
		{F992FE31-7722-417C-B62C-49F28E67D7FB}.Debug|Any CPU.ActiveCfg = Debug|Any CPU
		{F992FE31-7722-417C-B62C-49F28E67D7FB}.Debug|Any CPU.Build.0 = Debug|Any CPU
		{F992FE31-7722-417C-B62C-49F28E67D7FB}.Release|Any CPU.ActiveCfg = Release|Any CPU
		{F992FE31-7722-417C-B62C-49F28E67D7FB}.Release|Any CPU.Build.0 = Release|Any CPU
		{236237F5-19A1-478C-B7FB-DD2B5F85ED81}.Debug|Any CPU.ActiveCfg = Debug|Any CPU
		{236237F5-19A1-478C-B7FB-DD2B5F85ED81}.Debug|Any CPU.Build.0 = Debug|Any CPU
		{236237F5-19A1-478C-B7FB-DD2B5F85ED81}.Release|Any CPU.ActiveCfg = Release|Any CPU
		{236237F5-19A1-478C-B7FB-DD2B5F85ED81}.Release|Any CPU.Build.0 = Release|Any CPU
		{107A226B-AEBF-4587-BC37-1BF1B48BFC80}.Debug|Any CPU.ActiveCfg = Debug|Any CPU
		{107A226B-AEBF-4587-BC37-1BF1B48BFC80}.Debug|Any CPU.Build.0 = Debug|Any CPU
		{107A226B-AEBF-4587-BC37-1BF1B48BFC80}.Release|Any CPU.ActiveCfg = Release|Any CPU
		{107A226B-AEBF-4587-BC37-1BF1B48BFC80}.Release|Any CPU.Build.0 = Release|Any CPU
		{9934C138-5551-452B-B927-1F1918328831}.Debug|Any CPU.ActiveCfg = Debug|Any CPU
		{9934C138-5551-452B-B927-1F1918328831}.Debug|Any CPU.Build.0 = Debug|Any CPU
		{9934C138-5551-452B-B927-1F1918328831}.Release|Any CPU.ActiveCfg = Release|Any CPU
		{9934C138-5551-452B-B927-1F1918328831}.Release|Any CPU.Build.0 = Release|Any CPU
		{B05F77B6-0CB3-46AA-A97E-913B6937D5C3}.Debug|Any CPU.ActiveCfg = Debug|Any CPU
		{B05F77B6-0CB3-46AA-A97E-913B6937D5C3}.Debug|Any CPU.Build.0 = Debug|Any CPU
		{B05F77B6-0CB3-46AA-A97E-913B6937D5C3}.Release|Any CPU.ActiveCfg = Release|Any CPU
		{B05F77B6-0CB3-46AA-A97E-913B6937D5C3}.Release|Any CPU.Build.0 = Release|Any CPU
		{AF25E7F3-9AE9-45D5-8646-F10B7AA4EAD9}.Debug|Any CPU.ActiveCfg = Debug|Any CPU
		{AF25E7F3-9AE9-45D5-8646-F10B7AA4EAD9}.Debug|Any CPU.Build.0 = Debug|Any CPU
		{AF25E7F3-9AE9-45D5-8646-F10B7AA4EAD9}.Release|Any CPU.ActiveCfg = Release|Any CPU
		{AF25E7F3-9AE9-45D5-8646-F10B7AA4EAD9}.Release|Any CPU.Build.0 = Release|Any CPU
	EndGlobalSection
	GlobalSection(SolutionProperties) = preSolution
		HideSolutionNode = FALSE
	EndGlobalSection
	GlobalSection(ExtensibilityGlobals) = postSolution
		SolutionGuid = {D2E27C79-6429-4906-9F5D-43BFDE99A225}
	EndGlobalSection
EndGlobal
